{
  "object": {
    "pins": [
      {
        "package": "Defaults",
        "repositoryURL": "https://github.com/sindresorhus/Defaults",
        "state": {
          "branch": "main",
          "revision": "d71bfd8ffbf944ef08eacbca5fb96d6f69bf7696",
          "version": null
        }
      },
      {
        "package": "HotKey",
        "repositoryURL": "https://github.com/soffes/HotKey",
        "state": {
          "branch": "master",
          "revision": "c13662730cb5bc28de4a799854bbb018a90649bf",
          "version": null
        }
      },
      {
        "package": "KeyHolder",
        "repositoryURL": "https://github.com/Clipy/KeyHolder.git",
        "state": {
          "branch": "master",
          "revision": "66cd7ef7b94a276493ba831992a8c212760d8ab4",
          "version": null
        }
      },
      {
        "package": "Magnet",
        "repositoryURL": "https://github.com/Clipy/Magnet",
        "state": {
          "branch": null,
          "revision": "e719b5cae545a43e2965a3fbbdd42485c3a3abcb",
          "version": "3.3.0"
        }
      },
      {
        "package": "Sauce",
        "repositoryURL": "https://github.com/Clipy/Sauce",
        "state": {
          "branch": null,
          "revision": "2fcf7e43a242b183fdea3f2275ebec0d773b65f5",
          "version": "2.2.0"
        }
      },
      {
        "package": "SimplyCoreAudio",
        "repositoryURL": "https://github.com/rnine/SimplyCoreAudio.git",
        "state": {
          "branch": null,
          "revision": "73014324f2a916b445b4da5a4232aa57033267af",
          "version": "4.1.0"
        }
      },
      {
        "package": "swift-atomics",
        "repositoryURL": "https://github.com/apple/swift-atomics.git",
        "state": {
          "branch": null,
          "revision": "ff3d2212b6b093db7f177d0855adbc4ef9c5f036",
          "version": "1.0.3"
        }
      }
    ]
  },
  "version": 1
}
